
Microsoft Visual Studio Solution File, Format Version 12.00
# Visual Studio 15
Project("{FAE04EC0-301F-11D3-BF4B-00C04F79EFBC}") = "Unity.Timeline", "Unity.Timeline.csproj", "{690ABFAF-2C6A-40E8-3B54-09B43420274C}"
EndProject
Project("{FAE04EC0-301F-11D3-BF4B-00C04F79EFBC}") = "Unity.PlasticSCM.Editor", "Unity.PlasticSCM.Editor.csproj", "{7E3590BD-0561-9A2D-7956-6735C19FD2D1}"
EndProject
Project("{FAE04EC0-301F-11D3-BF4B-00C04F79EFBC}") = "Unity.Mathematics", "Unity.Mathematics.csproj", "{4B132E54-9927-601A-68C9-713B0F213981}"
EndProject
Project("{FAE04EC0-301F-11D3-BF4B-00C04F79EFBC}") = "Unity.Timeline.Editor", "Unity.Timeline.Editor.csproj", "{37A52DD0-52E5-308B-149B-549AC0E94ED9}"
EndProject
Project("{FAE04EC0-301F-11D3-BF4B-00C04F79EFBC}") = "Unity.Collections", "Unity.Collections.csproj", "{14587AB6-07FD-F710-CED2-C7D7E24249D2}"
EndProject
Project("{FAE04EC0-301F-11D3-BF4B-00C04F79EFBC}") = "Unity.VisualScripting.Core.Editor", "Unity.VisualScripting.Core.Editor.csproj", "{2652F033-0C85-6837-1D8A-D80AE714FCC2}"
EndProject
Project("{FAE04EC0-301F-11D3-BF4B-00C04F79EFBC}") = "Unity.PerformanceTesting.Editor", "Unity.PerformanceTesting.Editor.csproj", "{088B7613-04BE-28B7-6BF3-68D80B4C0E5B}"
EndProject
Project("{FAE04EC0-301F-11D3-BF4B-00C04F79EFBC}") = "Unity.Burst", "Unity.Burst.csproj", "{845837EB-182C-2EA9-48C2-3C5096CD3461}"
EndProject
Project("{FAE04EC0-301F-11D3-BF4B-00C04F79EFBC}") = "Unity.VisualScripting.Flow.Editor", "Unity.VisualScripting.Flow.Editor.csproj", "{A4D97B0A-44FD-7398-84BF-BE8A2D28E6ED}"
EndProject
Project("{FAE04EC0-301F-11D3-BF4B-00C04F79EFBC}") = "Unity.VisualStudio.Editor", "Unity.VisualStudio.Editor.csproj", "{CF65B249-257A-6AA3-13ED-E465F3207972}"
EndProject
Project("{FAE04EC0-301F-11D3-BF4B-00C04F79EFBC}") = "Unity.InputSystem", "Unity.InputSystem.csproj", "{968AF49C-CBE9-8E7E-8225-ACB5AB223D62}"
EndProject
Project("{FAE04EC0-301F-11D3-BF4B-00C04F79EFBC}") = "Unity.Searcher.Editor", "Unity.Searcher.Editor.csproj", "{239D8A7A-D8EE-7696-2FBC-3D51AF320E3D}"
EndProject
Project("{FAE04EC0-301F-11D3-BF4B-00C04F79EFBC}") = "Unity.VisualScripting.Core", "Unity.VisualScripting.Core.csproj", "{AF65BF0E-D025-256C-8970-FDEEABAA33AC}"
EndProject
Project("{FAE04EC0-301F-11D3-BF4B-00C04F79EFBC}") = "Unity.AI.Navigation.Editor.ConversionSystem", "Unity.AI.Navigation.Editor.ConversionSystem.csproj", "{93789C73-8852-3C1A-C0A6-81D06D56E4D6}"
EndProject
Project("{FAE04EC0-301F-11D3-BF4B-00C04F79EFBC}") = "Unity.VisualScripting.State.Editor", "Unity.VisualScripting.State.Editor.csproj", "{CD35401A-E919-E545-A4BC-B8A1EC4352DD}"
EndProject
Project("{FAE04EC0-301F-11D3-BF4B-00C04F79EFBC}") = "Unity.Burst.CodeGen", "Unity.Burst.CodeGen.csproj", "{2348F25B-F9B4-16FF-1E8A-79DD037E85F2}"
EndProject
Project("{FAE04EC0-301F-11D3-BF4B-00C04F79EFBC}") = "Unity.VisualScripting.Flow", "Unity.VisualScripting.Flow.csproj", "{79570D80-2A5E-0220-83D2-0D483E0CCEB5}"
EndProject
Project("{FAE04EC0-301F-11D3-BF4B-00C04F79EFBC}") = "Unity.PerformanceTesting", "Unity.PerformanceTesting.csproj", "{135234EF-6094-6EE3-E035-2359E6F62B3C}"
EndProject
Project("{FAE04EC0-301F-11D3-BF4B-00C04F79EFBC}") = "Unity.Burst.Editor", "Unity.Burst.Editor.csproj", "{7B325B46-C98C-9346-6E60-C2BF5C93F4EF}"
EndProject
Project("{FAE04EC0-301F-11D3-BF4B-00C04F79EFBC}") = "Unity.Rider.Editor", "Unity.Rider.Editor.csproj", "{D3D64B1D-2256-8C5F-ECE9-B8AC4A14FD10}"
EndProject
Project("{FAE04EC0-301F-11D3-BF4B-00C04F79EFBC}") = "Unity.VisualScripting.State", "Unity.VisualScripting.State.csproj", "{A65E44B0-0303-5916-39F4-2C9BA1060D4C}"
EndProject
Project("{FAE04EC0-301F-11D3-BF4B-00C04F79EFBC}") = "Unity.AI.Navigation.Updater", "Unity.AI.Navigation.Updater.csproj", "{F66078D5-76F0-3A2F-B818-F32F1E399317}"
EndProject
Project("{FAE04EC0-301F-11D3-BF4B-00C04F79EFBC}") = "Unity.AI.Navigation.Editor", "Unity.AI.Navigation.Editor.csproj", "{9D3CE22F-5922-ADA2-AB69-19DA4DAC94B3}"
EndProject
Project("{FAE04EC0-301F-11D3-BF4B-00C04F79EFBC}") = "Unity.InputSystem.ForUI", "Unity.InputSystem.ForUI.csproj", "{FF720DB4-7DC3-C269-A523-90C26F1D627D}"
EndProject
Project("{FAE04EC0-301F-11D3-BF4B-00C04F79EFBC}") = "Unity.AI.Navigation", "Unity.AI.Navigation.csproj", "{27F5A30E-349E-4D45-0718-4C4DDBD37145}"
EndProject
Project("{FAE04EC0-301F-11D3-BF4B-00C04F79EFBC}") = "Unity.Collections.CodeGen", "Unity.Collections.CodeGen.csproj", "{05B12FFC-4D95-6467-EF09-D12812F0313A}"
EndProject
Project("{FAE04EC0-301F-11D3-BF4B-00C04F79EFBC}") = "Unity.Mathematics.Editor", "Unity.Mathematics.Editor.csproj", "{99D0A365-AF84-D9FE-4D69-C2D7B70AC3AA}"
EndProject
Project("{FAE04EC0-301F-11D3-BF4B-00C04F79EFBC}") = "Unity.VisualScripting.SettingsProvider.Editor", "Unity.VisualScripting.SettingsProvider.Editor.csproj", "{FE3AFE15-D8EA-B275-5BED-EDDA46884996}"
EndProject
Project("{FAE04EC0-301F-11D3-BF4B-00C04F79EFBC}") = "Assembly-CSharp-Editor", "Assembly-CSharp-Editor.csproj", "{813AD0CE-CDE1-40C0-98C7-ED61070AF315}"
EndProject
Project("{FAE04EC0-301F-11D3-BF4B-00C04F79EFBC}") = "Unity.InputSystem.TestFramework", "Unity.InputSystem.TestFramework.csproj", "{64AC9D88-E334-53E4-4413-CD144BCA842D}"
EndProject
Project("{FAE04EC0-301F-11D3-BF4B-00C04F79EFBC}") = "Unity.CollabProxy.Editor", "Unity.CollabProxy.Editor.csproj", "{D9C709A5-2F89-4916-D579-0F5608BA25AD}"
EndProject
Project("{FAE04EC0-301F-11D3-BF4B-00C04F79EFBC}") = "Unity.VisualScripting.Shared.Editor", "Unity.VisualScripting.Shared.Editor.csproj", "{07FD6BF0-0370-AF51-20BD-8FE980764CED}"
EndProject
Project("{FAE04EC0-301F-11D3-BF4B-00C04F79EFBC}") = "Unity.InputSystem.DocCodeSamples", "Unity.InputSystem.DocCodeSamples.csproj", "{6B157C56-8B2F-1CF9-D12B-A8A4F4953786}"
EndProject
Project("{FAE04EC0-301F-11D3-BF4B-00C04F79EFBC}") = "Assembly-CSharp", "Assembly-CSharp.csproj", "{1A4189DF-0103-7DD3-7D7C-169CD789A303}"
EndProject
Project("{FAE04EC0-301F-11D3-BF4B-00C04F79EFBC}") = "Unity.PlasticSCM.Editor.Entities", "Unity.PlasticSCM.Editor.Entities.csproj", "{675D47F3-462A-F8DE-5B44-08FD65D628F0}"
EndProject
Project("{FAE04EC0-301F-11D3-BF4B-00C04F79EFBC}") = "Unity.Collections.Editor", "Unity.Collections.Editor.csproj", "{A9D1D879-E02E-D08D-0A18-6E0AD5E310EB}"
EndProject
Global
	GlobalSection(SolutionConfigurationPlatforms) = preSolution
		Debug|Any CPU = Debug|Any CPU
		Release|Any CPU = Release|Any CPU
	EndGlobalSection
	GlobalSection(ProjectConfigurationPlatforms) = postSolution
		{690ABFAF-2C6A-40E8-3B54-09B43420274C}.Debug|Any CPU.ActiveCfg = Debug|Any CPU
		{690ABFAF-2C6A-40E8-3B54-09B43420274C}.Debug|Any CPU.Build.0 = Debug|Any CPU
		{690ABFAF-2C6A-40E8-3B54-09B43420274C}.Release|Any CPU.ActiveCfg = Release|Any CPU
		{690ABFAF-2C6A-40E8-3B54-09B43420274C}.Release|Any CPU.Build.0 = Release|Any CPU
		{7E3590BD-0561-9A2D-7956-6735C19FD2D1}.Debug|Any CPU.ActiveCfg = Debug|Any CPU
		{7E3590BD-0561-9A2D-7956-6735C19FD2D1}.Debug|Any CPU.Build.0 = Debug|Any CPU
		{7E3590BD-0561-9A2D-7956-6735C19FD2D1}.Release|Any CPU.ActiveCfg = Release|Any CPU
		{7E3590BD-0561-9A2D-7956-6735C19FD2D1}.Release|Any CPU.Build.0 = Release|Any CPU
		{4B132E54-9927-601A-68C9-713B0F213981}.Debug|Any CPU.ActiveCfg = Debug|Any CPU
		{4B132E54-9927-601A-68C9-713B0F213981}.Debug|Any CPU.Build.0 = Debug|Any CPU
		{4B132E54-9927-601A-68C9-713B0F213981}.Release|Any CPU.ActiveCfg = Release|Any CPU
		{4B132E54-9927-601A-68C9-713B0F213981}.Release|Any CPU.Build.0 = Release|Any CPU
		{37A52DD0-52E5-308B-149B-549AC0E94ED9}.Debug|Any CPU.ActiveCfg = Debug|Any CPU
		{37A52DD0-52E5-308B-149B-549AC0E94ED9}.Debug|Any CPU.Build.0 = Debug|Any CPU
		{37A52DD0-52E5-308B-149B-549AC0E94ED9}.Release|Any CPU.ActiveCfg = Release|Any CPU
		{37A52DD0-52E5-308B-149B-549AC0E94ED9}.Release|Any CPU.Build.0 = Release|Any CPU
		{14587AB6-07FD-F710-CED2-C7D7E24249D2}.Debug|Any CPU.ActiveCfg = Debug|Any CPU
		{14587AB6-07FD-F710-CED2-C7D7E24249D2}.Debug|Any CPU.Build.0 = Debug|Any CPU
		{14587AB6-07FD-F710-CED2-C7D7E24249D2}.Release|Any CPU.ActiveCfg = Release|Any CPU
		{14587AB6-07FD-F710-CED2-C7D7E24249D2}.Release|Any CPU.Build.0 = Release|Any CPU
		{2652F033-0C85-6837-1D8A-D80AE714FCC2}.Debug|Any CPU.ActiveCfg = Debug|Any CPU
		{2652F033-0C85-6837-1D8A-D80AE714FCC2}.Debug|Any CPU.Build.0 = Debug|Any CPU
		{2652F033-0C85-6837-1D8A-D80AE714FCC2}.Release|Any CPU.ActiveCfg = Release|Any CPU
		{2652F033-0C85-6837-1D8A-D80AE714FCC2}.Release|Any CPU.Build.0 = Release|Any CPU
		{088B7613-04BE-28B7-6BF3-68D80B4C0E5B}.Debug|Any CPU.ActiveCfg = Debug|Any CPU
		{088B7613-04BE-28B7-6BF3-68D80B4C0E5B}.Debug|Any CPU.Build.0 = Debug|Any CPU
		{088B7613-04BE-28B7-6BF3-68D80B4C0E5B}.Release|Any CPU.ActiveCfg = Release|Any CPU
		{088B7613-04BE-28B7-6BF3-68D80B4C0E5B}.Release|Any CPU.Build.0 = Release|Any CPU
		{845837EB-182C-2EA9-48C2-3C5096CD3461}.Debug|Any CPU.ActiveCfg = Debug|Any CPU
		{845837EB-182C-2EA9-48C2-3C5096CD3461}.Debug|Any CPU.Build.0 = Debug|Any CPU
		{845837EB-182C-2EA9-48C2-3C5096CD3461}.Release|Any CPU.ActiveCfg = Release|Any CPU
		{845837EB-182C-2EA9-48C2-3C5096CD3461}.Release|Any CPU.Build.0 = Release|Any CPU
		{A4D97B0A-44FD-7398-84BF-BE8A2D28E6ED}.Debug|Any CPU.ActiveCfg = Debug|Any CPU
		{A4D97B0A-44FD-7398-84BF-BE8A2D28E6ED}.Debug|Any CPU.Build.0 = Debug|Any CPU
		{A4D97B0A-44FD-7398-84BF-BE8A2D28E6ED}.Release|Any CPU.ActiveCfg = Release|Any CPU
		{A4D97B0A-44FD-7398-84BF-BE8A2D28E6ED}.Release|Any CPU.Build.0 = Release|Any CPU
		{CF65B249-257A-6AA3-13ED-E465F3207972}.Debug|Any CPU.ActiveCfg = Debug|Any CPU
		{CF65B249-257A-6AA3-13ED-E465F3207972}.Debug|Any CPU.Build.0 = Debug|Any CPU
		{CF65B249-257A-6AA3-13ED-E465F3207972}.Release|Any CPU.ActiveCfg = Release|Any CPU
		{CF65B249-257A-6AA3-13ED-E465F3207972}.Release|Any CPU.Build.0 = Release|Any CPU
		{968AF49C-CBE9-8E7E-8225-ACB5AB223D62}.Debug|Any CPU.ActiveCfg = Debug|Any CPU
		{968AF49C-CBE9-8E7E-8225-ACB5AB223D62}.Debug|Any CPU.Build.0 = Debug|Any CPU
		{968AF49C-CBE9-8E7E-8225-ACB5AB223D62}.Release|Any CPU.ActiveCfg = Release|Any CPU
		{968AF49C-CBE9-8E7E-8225-ACB5AB223D62}.Release|Any CPU.Build.0 = Release|Any CPU
		{239D8A7A-D8EE-7696-2FBC-3D51AF320E3D}.Debug|Any CPU.ActiveCfg = Debug|Any CPU
		{239D8A7A-D8EE-7696-2FBC-3D51AF320E3D}.Debug|Any CPU.Build.0 = Debug|Any CPU
		{239D8A7A-D8EE-7696-2FBC-3D51AF320E3D}.Release|Any CPU.ActiveCfg = Release|Any CPU
		{239D8A7A-D8EE-7696-2FBC-3D51AF320E3D}.Release|Any CPU.Build.0 = Release|Any CPU
		{AF65BF0E-D025-256C-8970-FDEEABAA33AC}.Debug|Any CPU.ActiveCfg = Debug|Any CPU
		{AF65BF0E-D025-256C-8970-FDEEABAA33AC}.Debug|Any CPU.Build.0 = Debug|Any CPU
		{AF65BF0E-D025-256C-8970-FDEEABAA33AC}.Release|Any CPU.ActiveCfg = Release|Any CPU
		{AF65BF0E-D025-256C-8970-FDEEABAA33AC}.Release|Any CPU.Build.0 = Release|Any CPU
		{93789C73-8852-3C1A-C0A6-81D06D56E4D6}.Debug|Any CPU.ActiveCfg = Debug|Any CPU
		{93789C73-8852-3C1A-C0A6-81D06D56E4D6}.Debug|Any CPU.Build.0 = Debug|Any CPU
		{93789C73-8852-3C1A-C0A6-81D06D56E4D6}.Release|Any CPU.ActiveCfg = Release|Any CPU
		{93789C73-8852-3C1A-C0A6-81D06D56E4D6}.Release|Any CPU.Build.0 = Release|Any CPU
		{CD35401A-E919-E545-A4BC-B8A1EC4352DD}.Debug|Any CPU.ActiveCfg = Debug|Any CPU
		{CD35401A-E919-E545-A4BC-B8A1EC4352DD}.Debug|Any CPU.Build.0 = Debug|Any CPU
		{CD35401A-E919-E545-A4BC-B8A1EC4352DD}.Release|Any CPU.ActiveCfg = Release|Any CPU
		{CD35401A-E919-E545-A4BC-B8A1EC4352DD}.Release|Any CPU.Build.0 = Release|Any CPU
		{2348F25B-F9B4-16FF-1E8A-79DD037E85F2}.Debug|Any CPU.ActiveCfg = Debug|Any CPU
		{2348F25B-F9B4-16FF-1E8A-79DD037E85F2}.Debug|Any CPU.Build.0 = Debug|Any CPU
		{2348F25B-F9B4-16FF-1E8A-79DD037E85F2}.Release|Any CPU.ActiveCfg = Release|Any CPU
		{2348F25B-F9B4-16FF-1E8A-79DD037E85F2}.Release|Any CPU.Build.0 = Release|Any CPU
		{79570D80-2A5E-0220-83D2-0D483E0CCEB5}.Debug|Any CPU.ActiveCfg = Debug|Any CPU
		{79570D80-2A5E-0220-83D2-0D483E0CCEB5}.Debug|Any CPU.Build.0 = Debug|Any CPU
		{79570D80-2A5E-0220-83D2-0D483E0CCEB5}.Release|Any CPU.ActiveCfg = Release|Any CPU
		{79570D80-2A5E-0220-83D2-0D483E0CCEB5}.Release|Any CPU.Build.0 = Release|Any CPU
		{135234EF-6094-6EE3-E035-2359E6F62B3C}.Debug|Any CPU.ActiveCfg = Debug|Any CPU
		{135234EF-6094-6EE3-E035-2359E6F62B3C}.Debug|Any CPU.Build.0 = Debug|Any CPU
		{135234EF-6094-6EE3-E035-2359E6F62B3C}.Release|Any CPU.ActiveCfg = Release|Any CPU
		{135234EF-6094-6EE3-E035-2359E6F62B3C}.Release|Any CPU.Build.0 = Release|Any CPU
		{7B325B46-C98C-9346-6E60-C2BF5C93F4EF}.Debug|Any CPU.ActiveCfg = Debug|Any CPU
		{7B325B46-C98C-9346-6E60-C2BF5C93F4EF}.Debug|Any CPU.Build.0 = Debug|Any CPU
		{7B325B46-C98C-9346-6E60-C2BF5C93F4EF}.Release|Any CPU.ActiveCfg = Release|Any CPU
		{7B325B46-C98C-9346-6E60-C2BF5C93F4EF}.Release|Any CPU.Build.0 = Release|Any CPU
		{D3D64B1D-2256-8C5F-ECE9-B8AC4A14FD10}.Debug|Any CPU.ActiveCfg = Debug|Any CPU
		{D3D64B1D-2256-8C5F-ECE9-B8AC4A14FD10}.Debug|Any CPU.Build.0 = Debug|Any CPU
		{D3D64B1D-2256-8C5F-ECE9-B8AC4A14FD10}.Release|Any CPU.ActiveCfg = Release|Any CPU
		{D3D64B1D-2256-8C5F-ECE9-B8AC4A14FD10}.Release|Any CPU.Build.0 = Release|Any CPU
		{A65E44B0-0303-5916-39F4-2C9BA1060D4C}.Debug|Any CPU.ActiveCfg = Debug|Any CPU
		{A65E44B0-0303-5916-39F4-2C9BA1060D4C}.Debug|Any CPU.Build.0 = Debug|Any CPU
		{A65E44B0-0303-5916-39F4-2C9BA1060D4C}.Release|Any CPU.ActiveCfg = Release|Any CPU
		{A65E44B0-0303-5916-39F4-2C9BA1060D4C}.Release|Any CPU.Build.0 = Release|Any CPU
		{F66078D5-76F0-3A2F-B818-F32F1E399317}.Debug|Any CPU.ActiveCfg = Debug|Any CPU
		{F66078D5-76F0-3A2F-B818-F32F1E399317}.Debug|Any CPU.Build.0 = Debug|Any CPU
		{F66078D5-76F0-3A2F-B818-F32F1E399317}.Release|Any CPU.ActiveCfg = Release|Any CPU
		{F66078D5-76F0-3A2F-B818-F32F1E399317}.Release|Any CPU.Build.0 = Release|Any CPU
		{9D3CE22F-5922-ADA2-AB69-19DA4DAC94B3}.Debug|Any CPU.ActiveCfg = Debug|Any CPU
		{9D3CE22F-5922-ADA2-AB69-19DA4DAC94B3}.Debug|Any CPU.Build.0 = Debug|Any CPU
		{9D3CE22F-5922-ADA2-AB69-19DA4DAC94B3}.Release|Any CPU.ActiveCfg = Release|Any CPU
		{9D3CE22F-5922-ADA2-AB69-19DA4DAC94B3}.Release|Any CPU.Build.0 = Release|Any CPU
		{FF720DB4-7DC3-C269-A523-90C26F1D627D}.Debug|Any CPU.ActiveCfg = Debug|Any CPU
		{FF720DB4-7DC3-C269-A523-90C26F1D627D}.Debug|Any CPU.Build.0 = Debug|Any CPU
		{FF720DB4-7DC3-C269-A523-90C26F1D627D}.Release|Any CPU.ActiveCfg = Release|Any CPU
		{FF720DB4-7DC3-C269-A523-90C26F1D627D}.Release|Any CPU.Build.0 = Release|Any CPU
		{27F5A30E-349E-4D45-0718-4C4DDBD37145}.Debug|Any CPU.ActiveCfg = Debug|Any CPU
		{27F5A30E-349E-4D45-0718-4C4DDBD37145}.Debug|Any CPU.Build.0 = Debug|Any CPU
		{27F5A30E-349E-4D45-0718-4C4DDBD37145}.Release|Any CPU.ActiveCfg = Release|Any CPU
		{27F5A30E-349E-4D45-0718-4C4DDBD37145}.Release|Any CPU.Build.0 = Release|Any CPU
		{05B12FFC-4D95-6467-EF09-D12812F0313A}.Debug|Any CPU.ActiveCfg = Debug|Any CPU
		{05B12FFC-4D95-6467-EF09-D12812F0313A}.Debug|Any CPU.Build.0 = Debug|Any CPU
		{05B12FFC-4D95-6467-EF09-D12812F0313A}.Release|Any CPU.ActiveCfg = Release|Any CPU
		{05B12FFC-4D95-6467-EF09-D12812F0313A}.Release|Any CPU.Build.0 = Release|Any CPU
		{99D0A365-AF84-D9FE-4D69-C2D7B70AC3AA}.Debug|Any CPU.ActiveCfg = Debug|Any CPU
		{99D0A365-AF84-D9FE-4D69-C2D7B70AC3AA}.Debug|Any CPU.Build.0 = Debug|Any CPU
		{99D0A365-AF84-D9FE-4D69-C2D7B70AC3AA}.Release|Any CPU.ActiveCfg = Release|Any CPU
		{99D0A365-AF84-D9FE-4D69-C2D7B70AC3AA}.Release|Any CPU.Build.0 = Release|Any CPU
		{FE3AFE15-D8EA-B275-5BED-EDDA46884996}.Debug|Any CPU.ActiveCfg = Debug|Any CPU
		{FE3AFE15-D8EA-B275-5BED-EDDA46884996}.Debug|Any CPU.Build.0 = Debug|Any CPU
		{FE3AFE15-D8EA-B275-5BED-EDDA46884996}.Release|Any CPU.ActiveCfg = Release|Any CPU
		{FE3AFE15-D8EA-B275-5BED-EDDA46884996}.Release|Any CPU.Build.0 = Release|Any CPU
		{813AD0CE-CDE1-40C0-98C7-ED61070AF315}.Debug|Any CPU.ActiveCfg = Debug|Any CPU
		{813AD0CE-CDE1-40C0-98C7-ED61070AF315}.Debug|Any CPU.Build.0 = Debug|Any CPU
		{813AD0CE-CDE1-40C0-98C7-ED61070AF315}.Release|Any CPU.ActiveCfg = Release|Any CPU
		{813AD0CE-CDE1-40C0-98C7-ED61070AF315}.Release|Any CPU.Build.0 = Release|Any CPU
		{64AC9D88-E334-53E4-4413-CD144BCA842D}.Debug|Any CPU.ActiveCfg = Debug|Any CPU
		{64AC9D88-E334-53E4-4413-CD144BCA842D}.Debug|Any CPU.Build.0 = Debug|Any CPU
		{64AC9D88-E334-53E4-4413-CD144BCA842D}.Release|Any CPU.ActiveCfg = Release|Any CPU
		{64AC9D88-E334-53E4-4413-CD144BCA842D}.Release|Any CPU.Build.0 = Release|Any CPU
		{D9C709A5-2F89-4916-D579-0F5608BA25AD}.Debug|Any CPU.ActiveCfg = Debug|Any CPU
		{D9C709A5-2F89-4916-D579-0F5608BA25AD}.Debug|Any CPU.Build.0 = Debug|Any CPU
		{D9C709A5-2F89-4916-D579-0F5608BA25AD}.Release|Any CPU.ActiveCfg = Release|Any CPU
		{D9C709A5-2F89-4916-D579-0F5608BA25AD}.Release|Any CPU.Build.0 = Release|Any CPU
		{07FD6BF0-0370-AF51-20BD-8FE980764CED}.Debug|Any CPU.ActiveCfg = Debug|Any CPU
		{07FD6BF0-0370-AF51-20BD-8FE980764CED}.Debug|Any CPU.Build.0 = Debug|Any CPU
		{07FD6BF0-0370-AF51-20BD-8FE980764CED}.Release|Any CPU.ActiveCfg = Release|Any CPU
		{07FD6BF0-0370-AF51-20BD-8FE980764CED}.Release|Any CPU.Build.0 = Release|Any CPU
		{6B157C56-8B2F-1CF9-D12B-A8A4F4953786}.Debug|Any CPU.ActiveCfg = Debug|Any CPU
		{6B157C56-8B2F-1CF9-D12B-A8A4F4953786}.Debug|Any CPU.Build.0 = Debug|Any CPU
		{6B157C56-8B2F-1CF9-D12B-A8A4F4953786}.Release|Any CPU.ActiveCfg = Release|Any CPU
		{6B157C56-8B2F-1CF9-D12B-A8A4F4953786}.Release|Any CPU.Build.0 = Release|Any CPU
		{1A4189DF-0103-7DD3-7D7C-169CD789A303}.Debug|Any CPU.ActiveCfg = Debug|Any CPU
		{1A4189DF-0103-7DD3-7D7C-169CD789A303}.Debug|Any CPU.Build.0 = Debug|Any CPU
		{1A4189DF-0103-7DD3-7D7C-169CD789A303}.Release|Any CPU.ActiveCfg = Release|Any CPU
		{1A4189DF-0103-7DD3-7D7C-169CD789A303}.Release|Any CPU.Build.0 = Release|Any CPU
		{675D47F3-462A-F8DE-5B44-08FD65D628F0}.Debug|Any CPU.ActiveCfg = Debug|Any CPU
		{675D47F3-462A-F8DE-5B44-08FD65D628F0}.Debug|Any CPU.Build.0 = Debug|Any CPU
		{675D47F3-462A-F8DE-5B44-08FD65D628F0}.Release|Any CPU.ActiveCfg = Release|Any CPU
		{675D47F3-462A-F8DE-5B44-08FD65D628F0}.Release|Any CPU.Build.0 = Release|Any CPU
		{A9D1D879-E02E-D08D-0A18-6E0AD5E310EB}.Debug|Any CPU.ActiveCfg = Debug|Any CPU
		{A9D1D879-E02E-D08D-0A18-6E0AD5E310EB}.Debug|Any CPU.Build.0 = Debug|Any CPU
		{A9D1D879-E02E-D08D-0A18-6E0AD5E310EB}.Release|Any CPU.ActiveCfg = Release|Any CPU
		{A9D1D879-E02E-D08D-0A18-6E0AD5E310EB}.Release|Any CPU.Build.0 = Release|Any CPU
	EndGlobalSection
	GlobalSection(SolutionProperties) = preSolution
		HideSolutionNode = FALSE
	EndGlobalSection
EndGlobal
